
Microsoft Visual Studio Solution File, Format Version 12.00
# Visual Studio Version 16
VisualStudioVersion = 16.0.32126.315
MinimumVisualStudioVersion = 10.0.40219.1
Project("{8BC9CEB8-8B4A-11D0-8D11-00A0C91BC942}") = "tests", "tests\tests.vcxproj", "{426FE4E5-5663-4439-81C1-6558C369EF7A}"
EndProject
Project("{8BC9CEB8-8B4A-11D0-8D11-00A0C91BC942}") = "main", "main\main.vcxproj", "{CE93CCD8-9C2E-4D7A-ABB9-2F02EDCE60DC}"
EndProject
Project("{8BC9CEB8-8B4A-11D0-8D11-00A0C91BC942}") = "data_structures", "data_structures\data_structures.vcxproj", "{EBB157FA-71AE-412A-AB3B-D981AD5C9480}"
EndProject
Project("{8BC9CEB8-8B4A-11D0-8D11-00A0C91BC942}") = "compiler", "compiler\compiler.vcxproj", "{53FD79E7-28B1-4D6D-A27E-BD3663075B51}"
EndProject
Global
	GlobalSection(SolutionConfigurationPlatforms) = preSolution
		Debug|x64 = Debug|x64
		Debug|x86 = Debug|x86
		Release|x64 = Release|x64
		Release|x86 = Release|x86
	EndGlobalSection
	GlobalSection(ProjectConfigurationPlatforms) = postSolution
		{426FE4E5-5663-4439-81C1-6558C369EF7A}.Debug|x64.ActiveCfg = Debug|x64
		{426FE4E5-5663-4439-81C1-6558C369EF7A}.Debug|x64.Build.0 = Debug|x64
		{426FE4E5-5663-4439-81C1-6558C369EF7A}.Debug|x86.ActiveCfg = Debug|Win32
		{426FE4E5-5663-4439-81C1-6558C369EF7A}.Debug|x86.Build.0 = Debug|Win32
		{426FE4E5-5663-4439-81C1-6558C369EF7A}.Release|x64.ActiveCfg = Release|x64
		{426FE4E5-5663-4439-81C1-6558C369EF7A}.Release|x64.Build.0 = Release|x64
		{426FE4E5-5663-4439-81C1-6558C369EF7A}.Release|x86.ActiveCfg = Release|Win32
		{426FE4E5-5663-4439-81C1-6558C369EF7A}.Release|x86.Build.0 = Release|Win32
		{CE93CCD8-9C2E-4D7A-ABB9-2F02EDCE60DC}.Debug|x64.ActiveCfg = Debug|x64
		{CE93CCD8-9C2E-4D7A-ABB9-2F02EDCE60DC}.Debug|x64.Build.0 = Debug|x64
		{CE93CCD8-9C2E-4D7A-ABB9-2F02EDCE60DC}.Debug|x86.ActiveCfg = Debug|Win32
		{CE93CCD8-9C2E-4D7A-ABB9-2F02EDCE60DC}.Debug|x86.Build.0 = Debug|Win32
		{CE93CCD8-9C2E-4D7A-ABB9-2F02EDCE60DC}.Release|x64.ActiveCfg = Release|x64
		{CE93CCD8-9C2E-4D7A-ABB9-2F02EDCE60DC}.Release|x64.Build.0 = Release|x64
		{CE93CCD8-9C2E-4D7A-ABB9-2F02EDCE60DC}.Release|x86.ActiveCfg = Release|Win32
		{CE93CCD8-9C2E-4D7A-ABB9-2F02EDCE60DC}.Release|x86.Build.0 = Release|Win32
		{EBB157FA-71AE-412A-AB3B-D981AD5C9480}.Debug|x64.ActiveCfg = Debug|x64
		{EBB157FA-71AE-412A-AB3B-D981AD5C9480}.Debug|x64.Build.0 = Debug|x64
		{EBB157FA-71AE-412A-AB3B-D981AD5C9480}.Debug|x86.ActiveCfg = Debug|Win32
		{EBB157FA-71AE-412A-AB3B-D981AD5C9480}.Debug|x86.Build.0 = Debug|Win32
		{EBB157FA-71AE-412A-AB3B-D981AD5C9480}.Release|x64.ActiveCfg = Release|x64
		{EBB157FA-71AE-412A-AB3B-D981AD5C9480}.Release|x64.Build.0 = Release|x64
		{EBB157FA-71AE-412A-AB3B-D981AD5C9480}.Release|x86.ActiveCfg = Release|Win32
		{EBB157FA-71AE-412A-AB3B-D981AD5C9480}.Release|x86.Build.0 = Release|Win32
		{53FD79E7-28B1-4D6D-A27E-BD3663075B51}.Debug|x64.ActiveCfg = Debug|x64
		{53FD79E7-28B1-4D6D-A27E-BD3663075B51}.Debug|x64.Build.0 = Debug|x64
		{53FD79E7-28B1-4D6D-A27E-BD3663075B51}.Debug|x86.ActiveCfg = Debug|Win32
		{53FD79E7-28B1-4D6D-A27E-BD3663075B51}.Debug|x86.Build.0 = Debug|Win32
		{53FD79E7-28B1-4D6D-A27E-BD3663075B51}.Release|x64.ActiveCfg = Release|x64
		{53FD79E7-28B1-4D6D-A27E-BD3663075B51}.Release|x64.Build.0 = Release|x64
		{53FD79E7-28B1-4D6D-A27E-BD3663075B51}.Release|x86.ActiveCfg = Release|Win32
		{53FD79E7-28B1-4D6D-A27E-BD3663075B51}.Release|x86.Build.0 = Release|Win32
	EndGlobalSection
	GlobalSection(SolutionProperties) = preSolution
		HideSolutionNode = FALSE
	EndGlobalSection
	GlobalSection(ExtensibilityGlobals) = postSolution
		SolutionGuid = {6C7E5114-32EC-41F6-95C1-A493FFFA2037}
	EndGlobalSection
EndGlobal
